
Microsoft Visual Studio Solution File, Format Version 12.00
# Visual Studio Version 16
VisualStudioVersion = 16.0.32901.82
MinimumVisualStudioVersion = 10.0.40219.1
Project("{FAE04EC0-301F-11D3-BF4B-00C04F79EFBC}") = "ExemploFundamentos", "ExemploFundamentos.csproj", "{F2CDFFEE-D754-4239-A8A1-29E20645C7F0}"
EndProject
Global
	GlobalSection(SolutionConfigurationPlatforms) = preSolution
		Debug|Any CPU = Debug|Any CPU
		Release|Any CPU = Release|Any CPU
	EndGlobalSection
	GlobalSection(ProjectConfigurationPlatforms) = postSolution
		{F2CDFFEE-D754-4239-A8A1-29E20645C7F0}.Debug|Any CPU.ActiveCfg = Debug|Any CPU
		{F2CDFFEE-D754-4239-A8A1-29E20645C7F0}.Debug|Any CPU.Build.0 = Debug|Any CPU
		{F2CDFFEE-D754-4239-A8A1-29E20645C7F0}.Release|Any CPU.ActiveCfg = Release|Any CPU
		{F2CDFFEE-D754-4239-A8A1-29E20645C7F0}.Release|Any CPU.Build.0 = Release|Any CPU
	EndGlobalSection
	GlobalSection(SolutionProperties) = preSolution
		HideSolutionNode = FALSE
	EndGlobalSection
	GlobalSection(ExtensibilityGlobals) = postSolution
		SolutionGuid = {AB8B4180-0CDA-4A40-9212-2AD7C439453C}
	EndGlobalSection
EndGlobal
